{
  "version": 4,
  "terraform_version": "1.10.2",
  "serial": 43,
  "lineage": "1038e185-a583-9b92-b372-725320b993a1",
  "outputs": {
    "aws_instance_public_ip": {
      "value": "3.84.20.176",
      "type": "string"
    },
    "private_key_path": {
      "value": "./generated-key.pem",
      "type": "string"
    },
    "public_key": {
      "value": "ssh-rsa AAAAB3NzaC1yc2EAAAADAQABAAACAQDgirGLRBK4/5pym+YWlybT9CK2Ex+U82M4ycnfIjnQlqqRRfR0C532spkp7eGyWA//w4t7oJuLZmqjj1hM6Iz81wq3Zu2oPa14zBkXmKY4jBa+WEf096GGvyIml/jMRr68Z3hSphUUCI03FWO7cCvDaDlhs19EmUVumEs4zg+PDQ0Zud5yrvan1xYN/3u1mrXZw60U84pgaweGoMSH6PdnmeqTyKUcUTzqbo0lS7l+Kxt6FoGmJqYiekQO1skVnCcLWH3JHFqX1MX4UGNSiIa0IGdXrEjE9aKVls55mUa7W5+HeY4CPTyeW5VbQIlFiCY5HdtTsmetISBqFrUjuYbRXOc8UsyisayvluWrVrghMlHnJijTeXOiB+3/d1MDIrGjrC2nvAnj0w51U0BVFN1BM9Lk6myvl1gh1Eu0WmKnQ79WR3UagCBT18uOdfhq5dfR3Ek57zWIm86UDUHzDzpAuBoHzcrprYg5G+3GaqMz8YpwpzfRrF0k2mehkNAA6fisiHBigIWqy6xdWO7Ad5l7QECkZGqqtXyY5Q5fkLC1xxuhtiawUiVdSYd+ls7uAeBQrDLBl62fpj1l/yFMwAkHS2YvhpW6/8wH8W+SQ9aSWy9AN4UiNRlVb45bqUSerpVk0WLAFCvI05KNVe+qAQT/E9LALrM6r0u5PDsfJxBhMQ==\n",
      "type": "string"
    }
  },
  "resources": [
    {
      "mode": "managed",
      "type": "aws_eip",
      "name": "nat_ip",
      "provider": "provider[\"registry.terraform.io/hashicorp/aws\"]",
      "instances": [
        {
          "schema_version": 0,
          "attributes": {
            "address": null,
            "allocation_id": "eipalloc-0f51e1e0ab4e158ba",
            "arn": "arn:aws:ec2:us-east-1:242201268173:elastic-ip/eipalloc-0f51e1e0ab4e158ba",
            "associate_with_private_ip": null,
            "association_id": "eipassoc-07d619c00ae9319f9",
            "carrier_ip": "",
            "customer_owned_ip": "",
            "customer_owned_ipv4_pool": "",
            "domain": "vpc",
            "id": "eipalloc-0f51e1e0ab4e158ba",
            "instance": "",
            "network_border_group": "us-east-1",
            "network_interface": "eni-0646c955026192dbf",
            "private_dns": "ip-10-0-1-174.ec2.internal",
            "private_ip": "10.0.1.174",
            "ptr_record": "",
            "public_dns": "ec2-52-206-53-130.compute-1.amazonaws.com",
            "public_ip": "52.206.53.130",
            "public_ipv4_pool": "amazon",
            "tags": {},
            "tags_all": {},
            "timeouts": null,
            "vpc": true
          },
          "sensitive_attributes": [],
          "private": "eyJlMmJmYjczMC1lY2FhLTExZTYtOGY4OC0zNDM2M2JjN2M0YzAiOnsiZGVsZXRlIjoxODAwMDAwMDAwMDAsInJlYWQiOjkwMDAwMDAwMDAwMCwidXBkYXRlIjozMDAwMDAwMDAwMDB9fQ=="
        }
      ]
    },
    {
      "mode": "managed",
      "type": "aws_instance",
      "name": "myweb",
      "provider": "provider[\"registry.terraform.io/hashicorp/aws\"]",
      "instances": [
        {
          "schema_version": 1,
          "attributes": {
            "ami": "ami-0f88e80871fd81e91",
            "arn": "arn:aws:ec2:us-east-1:242201268173:instance/i-03eddb9fdc31cf4c6",
            "associate_public_ip_address": true,
            "availability_zone": "us-east-1a",
            "capacity_reservation_specification": [
              {
                "capacity_reservation_preference": "open",
                "capacity_reservation_target": []
              }
            ],
            "cpu_core_count": 1,
            "cpu_options": [
              {
                "amd_sev_snp": "",
                "core_count": 1,
                "threads_per_core": 1
              }
            ],
            "cpu_threads_per_core": 1,
            "credit_specification": [
              {
                "cpu_credits": "standard"
              }
            ],
            "disable_api_stop": false,
            "disable_api_termination": false,
            "ebs_block_device": [],
            "ebs_optimized": false,
            "enclave_options": [
              {
                "enabled": false
              }
            ],
            "ephemeral_block_device": [],
            "get_password_data": false,
            "hibernation": false,
            "host_id": "",
            "host_resource_group_arn": null,
            "iam_instance_profile": "",
            "id": "i-03eddb9fdc31cf4c6",
            "instance_initiated_shutdown_behavior": "stop",
            "instance_lifecycle": "",
            "instance_market_options": [],
            "instance_state": "running",
            "instance_type": "t2.micro",
            "ipv6_address_count": 0,
            "ipv6_addresses": [],
            "key_name": "terraform-generated_key",
            "launch_template": [],
            "maintenance_options": [
              {
                "auto_recovery": "default"
              }
            ],
            "metadata_options": [
              {
                "http_endpoint": "enabled",
                "http_protocol_ipv6": "disabled",
                "http_put_response_hop_limit": 2,
                "http_tokens": "required",
                "instance_metadata_tags": "disabled"
              }
            ],
            "monitoring": false,
            "network_interface": [],
            "outpost_arn": "",
            "password_data": "",
            "placement_group": "",
            "placement_partition_number": 0,
            "primary_network_interface_id": "eni-0f5f5739357c21945",
            "private_dns": "ip-10-0-1-79.ec2.internal",
            "private_dns_name_options": [
              {
                "enable_resource_name_dns_a_record": false,
                "enable_resource_name_dns_aaaa_record": false,
                "hostname_type": "ip-name"
              }
            ],
            "private_ip": "10.0.1.79",
            "public_dns": "",
            "public_ip": "3.84.20.176",
            "root_block_device": [
              {
                "delete_on_termination": true,
                "device_name": "/dev/xvda",
                "encrypted": false,
                "iops": 3000,
                "kms_key_id": "",
                "tags": {},
                "tags_all": {},
                "throughput": 125,
                "volume_id": "vol-03656fe146c8d0505",
                "volume_size": 8,
                "volume_type": "gp3"
              }
            ],
            "secondary_private_ips": [],
            "security_groups": [],
            "source_dest_check": true,
            "spot_instance_request_id": "",
            "subnet_id": "subnet-000c61941b5cff963",
            "tags": {
              "Name": "myweb"
            },
            "tags_all": {
              "Name": "myweb"
            },
            "tenancy": "default",
            "timeouts": null,
            "user_data": null,
            "user_data_base64": null,
            "user_data_replace_on_change": false,
            "volume_tags": null,
            "vpc_security_group_ids": [
              "sg-0f80adc340c6cb068"
            ]
          },
          "sensitive_attributes": [],
          "private": "eyJlMmJmYjczMC1lY2FhLTExZTYtOGY4OC0zNDM2M2JjN2M0YzAiOnsiY3JlYXRlIjo2MDAwMDAwMDAwMDAsImRlbGV0ZSI6MTIwMDAwMDAwMDAwMCwicmVhZCI6OTAwMDAwMDAwMDAwLCJ1cGRhdGUiOjYwMDAwMDAwMDAwMH0sInNjaGVtYV92ZXJzaW9uIjoiMSJ9",
          "dependencies": [
            "aws_key_pair.generated_key",
            "aws_security_group.mysg",
            "aws_subnet.pub_subnet",
            "aws_vpc.my_vpc",
            "tls_private_key.ssh_key"
          ]
        }
      ]
    },
    {
      "mode": "managed",
      "type": "aws_internet_gateway",
      "name": "my_igw",
      "provider": "provider[\"registry.terraform.io/hashicorp/aws\"]",
      "instances": [
        {
          "schema_version": 0,
          "attributes": {
            "arn": "arn:aws:ec2:us-east-1:242201268173:internet-gateway/igw-0ea788e7b9b4f22a5",
            "id": "igw-0ea788e7b9b4f22a5",
            "owner_id": "242201268173",
            "tags": {
              "Name": "my_igw"
            },
            "tags_all": {
              "Name": "my_igw"
            },
            "timeouts": null,
            "vpc_id": "vpc-09f33736d31f0331c"
          },
          "sensitive_attributes": [],
          "private": "eyJlMmJmYjczMC1lY2FhLTExZTYtOGY4OC0zNDM2M2JjN2M0YzAiOnsiY3JlYXRlIjoxMjAwMDAwMDAwMDAwLCJkZWxldGUiOjEyMDAwMDAwMDAwMDAsInVwZGF0ZSI6MTIwMDAwMDAwMDAwMH19",
          "dependencies": [
            "aws_vpc.my_vpc"
          ]
        }
      ]
    },
    {
      "mode": "managed",
      "type": "aws_key_pair",
      "name": "generated_key",
      "provider": "provider[\"registry.terraform.io/hashicorp/aws\"]",
      "instances": [
        {
          "schema_version": 1,
          "attributes": {
            "arn": "arn:aws:ec2:us-east-1:242201268173:key-pair/terraform-generated_key",
            "fingerprint": "e6:64:58:bc:a9:19:bc:e0:6b:03:fb:e5:c8:09:de:3f",
            "id": "terraform-generated_key",
            "key_name": "terraform-generated_key",
            "key_name_prefix": "",
            "key_pair_id": "key-0e6ce8d0195a9bb56",
            "key_type": "rsa",
            "public_key": "ssh-rsa AAAAB3NzaC1yc2EAAAADAQABAAACAQDgirGLRBK4/5pym+YWlybT9CK2Ex+U82M4ycnfIjnQlqqRRfR0C532spkp7eGyWA//w4t7oJuLZmqjj1hM6Iz81wq3Zu2oPa14zBkXmKY4jBa+WEf096GGvyIml/jMRr68Z3hSphUUCI03FWO7cCvDaDlhs19EmUVumEs4zg+PDQ0Zud5yrvan1xYN/3u1mrXZw60U84pgaweGoMSH6PdnmeqTyKUcUTzqbo0lS7l+Kxt6FoGmJqYiekQO1skVnCcLWH3JHFqX1MX4UGNSiIa0IGdXrEjE9aKVls55mUa7W5+HeY4CPTyeW5VbQIlFiCY5HdtTsmetISBqFrUjuYbRXOc8UsyisayvluWrVrghMlHnJijTeXOiB+3/d1MDIrGjrC2nvAnj0w51U0BVFN1BM9Lk6myvl1gh1Eu0WmKnQ79WR3UagCBT18uOdfhq5dfR3Ek57zWIm86UDUHzDzpAuBoHzcrprYg5G+3GaqMz8YpwpzfRrF0k2mehkNAA6fisiHBigIWqy6xdWO7Ad5l7QECkZGqqtXyY5Q5fkLC1xxuhtiawUiVdSYd+ls7uAeBQrDLBl62fpj1l/yFMwAkHS2YvhpW6/8wH8W+SQ9aSWy9AN4UiNRlVb45bqUSerpVk0WLAFCvI05KNVe+qAQT/E9LALrM6r0u5PDsfJxBhMQ==",
            "tags": {},
            "tags_all": {}
          },
          "sensitive_attributes": [],
          "private": "eyJzY2hlbWFfdmVyc2lvbiI6IjEifQ==",
          "dependencies": [
            "tls_private_key.ssh_key"
          ]
        }
      ]
    },
    {
      "mode": "managed",
      "type": "aws_nat_gateway",
      "name": "my_ngw",
      "provider": "provider[\"registry.terraform.io/hashicorp/aws\"]",
      "instances": [
        {
          "schema_version": 0,
          "attributes": {
            "allocation_id": "eipalloc-0f51e1e0ab4e158ba",
            "association_id": "eipassoc-07d619c00ae9319f9",
            "connectivity_type": "public",
            "id": "nat-0944c900667c896c0",
            "network_interface_id": "eni-0646c955026192dbf",
            "private_ip": "10.0.1.174",
            "public_ip": "52.206.53.130",
            "secondary_allocation_ids": [],
            "secondary_private_ip_address_count": 0,
            "secondary_private_ip_addresses": [],
            "subnet_id": "subnet-000c61941b5cff963",
            "tags": {
              "Name": "my_ngw"
            },
            "tags_all": {
              "Name": "my_ngw"
            },
            "timeouts": null
          },
          "sensitive_attributes": [],
          "private": "eyJlMmJmYjczMC1lY2FhLTExZTYtOGY4OC0zNDM2M2JjN2M0YzAiOnsiY3JlYXRlIjo2MDAwMDAwMDAwMDAsImRlbGV0ZSI6MTgwMDAwMDAwMDAwMCwidXBkYXRlIjo2MDAwMDAwMDAwMDB9fQ==",
          "dependencies": [
            "aws_eip.nat_ip",
            "aws_subnet.pub_subnet",
            "aws_vpc.my_vpc"
          ]
        }
      ]
    },
    {
      "mode": "managed",
      "type": "aws_route_table",
      "name": "private_rt",
      "provider": "provider[\"registry.terraform.io/hashicorp/aws\"]",
      "instances": [
        {
          "schema_version": 0,
          "attributes": {
            "arn": "arn:aws:ec2:us-east-1:242201268173:route-table/rtb-0ee85e6f4f1e5a853",
            "id": "rtb-0ee85e6f4f1e5a853",
            "owner_id": "242201268173",
            "propagating_vgws": [],
            "route": [
              {
                "carrier_gateway_id": "",
                "cidr_block": "0.0.0.0/0",
                "core_network_arn": "",
                "destination_prefix_list_id": "",
                "egress_only_gateway_id": "",
                "gateway_id": "",
                "ipv6_cidr_block": "",
                "local_gateway_id": "",
                "nat_gateway_id": "nat-0944c900667c896c0",
                "network_interface_id": "",
                "transit_gateway_id": "",
                "vpc_endpoint_id": "",
                "vpc_peering_connection_id": ""
              }
            ],
            "tags": {},
            "tags_all": {},
            "timeouts": null,
            "vpc_id": "vpc-09f33736d31f0331c"
          },
          "sensitive_attributes": [],
          "private": "eyJlMmJmYjczMC1lY2FhLTExZTYtOGY4OC0zNDM2M2JjN2M0YzAiOnsiY3JlYXRlIjozMDAwMDAwMDAwMDAsImRlbGV0ZSI6MzAwMDAwMDAwMDAwLCJ1cGRhdGUiOjEyMDAwMDAwMDAwMH19",
          "dependencies": [
            "aws_eip.nat_ip",
            "aws_nat_gateway.my_ngw",
            "aws_subnet.pub_subnet",
            "aws_vpc.my_vpc"
          ]
        }
      ]
    },
    {
      "mode": "managed",
      "type": "aws_route_table",
      "name": "public_rt",
      "provider": "provider[\"registry.terraform.io/hashicorp/aws\"]",
      "instances": [
        {
          "schema_version": 0,
          "attributes": {
            "arn": "arn:aws:ec2:us-east-1:242201268173:route-table/rtb-0a8c2fe1f3cc26f81",
            "id": "rtb-0a8c2fe1f3cc26f81",
            "owner_id": "242201268173",
            "propagating_vgws": [],
            "route": [
              {
                "carrier_gateway_id": "",
                "cidr_block": "0.0.0.0/0",
                "core_network_arn": "",
                "destination_prefix_list_id": "",
                "egress_only_gateway_id": "",
                "gateway_id": "igw-0ea788e7b9b4f22a5",
                "ipv6_cidr_block": "",
                "local_gateway_id": "",
                "nat_gateway_id": "",
                "network_interface_id": "",
                "transit_gateway_id": "",
                "vpc_endpoint_id": "",
                "vpc_peering_connection_id": ""
              }
            ],
            "tags": {
              "Name": "public_rt"
            },
            "tags_all": {
              "Name": "public_rt"
            },
            "timeouts": null,
            "vpc_id": "vpc-09f33736d31f0331c"
          },
          "sensitive_attributes": [],
          "private": "eyJlMmJmYjczMC1lY2FhLTExZTYtOGY4OC0zNDM2M2JjN2M0YzAiOnsiY3JlYXRlIjozMDAwMDAwMDAwMDAsImRlbGV0ZSI6MzAwMDAwMDAwMDAwLCJ1cGRhdGUiOjEyMDAwMDAwMDAwMH19",
          "dependencies": [
            "aws_internet_gateway.my_igw",
            "aws_vpc.my_vpc"
          ]
        }
      ]
    },
    {
      "mode": "managed",
      "type": "aws_route_table_association",
      "name": "private_rt_association",
      "provider": "provider[\"registry.terraform.io/hashicorp/aws\"]",
      "instances": [
        {
          "schema_version": 0,
          "attributes": {
            "gateway_id": "",
            "id": "rtbassoc-0e3e13cb8dc3db82c",
            "route_table_id": "rtb-0ee85e6f4f1e5a853",
            "subnet_id": "subnet-00a33005cc7f46fd5",
            "timeouts": null
          },
          "sensitive_attributes": [],
          "private": "eyJlMmJmYjczMC1lY2FhLTExZTYtOGY4OC0zNDM2M2JjN2M0YzAiOnsiY3JlYXRlIjozMDAwMDAwMDAwMDAsImRlbGV0ZSI6MzAwMDAwMDAwMDAwLCJ1cGRhdGUiOjEyMDAwMDAwMDAwMH19",
          "dependencies": [
            "aws_eip.nat_ip",
            "aws_nat_gateway.my_ngw",
            "aws_route_table.private_rt",
            "aws_subnet.private_subnet",
            "aws_subnet.pub_subnet",
            "aws_vpc.my_vpc"
          ]
        }
      ]
    },
    {
      "mode": "managed",
      "type": "aws_route_table_association",
      "name": "public_rt_association",
      "provider": "provider[\"registry.terraform.io/hashicorp/aws\"]",
      "instances": [
        {
          "schema_version": 0,
          "attributes": {
            "gateway_id": "",
            "id": "rtbassoc-0730582b21e33de57",
            "route_table_id": "rtb-0a8c2fe1f3cc26f81",
            "subnet_id": "subnet-000c61941b5cff963",
            "timeouts": null
          },
          "sensitive_attributes": [],
          "private": "eyJlMmJmYjczMC1lY2FhLTExZTYtOGY4OC0zNDM2M2JjN2M0YzAiOnsiY3JlYXRlIjozMDAwMDAwMDAwMDAsImRlbGV0ZSI6MzAwMDAwMDAwMDAwLCJ1cGRhdGUiOjEyMDAwMDAwMDAwMH19",
          "dependencies": [
            "aws_internet_gateway.my_igw",
            "aws_route_table.public_rt",
            "aws_subnet.pub_subnet",
            "aws_vpc.my_vpc"
          ]
        }
      ]
    },
    {
      "mode": "managed",
      "type": "aws_security_group",
      "name": "mysg",
      "provider": "provider[\"registry.terraform.io/hashicorp/aws\"]",
      "instances": [
        {
          "schema_version": 1,
          "attributes": {
            "arn": "arn:aws:ec2:us-east-1:242201268173:security-group/sg-0f80adc340c6cb068",
            "description": "allow http,https \u0026 ssh",
            "egress": [
              {
                "cidr_blocks": [
                  "0.0.0.0/0"
                ],
                "description": "http from vpc",
                "from_port": 0,
                "ipv6_cidr_blocks": [],
                "prefix_list_ids": [],
                "protocol": "-1",
                "security_groups": [],
                "self": false,
                "to_port": 0
              }
            ],
            "id": "sg-0f80adc340c6cb068",
            "ingress": [
              {
                "cidr_blocks": [
                  "0.0.0.0/0"
                ],
                "description": "allow http",
                "from_port": 80,
                "ipv6_cidr_blocks": [],
                "prefix_list_ids": [],
                "protocol": "tcp",
                "security_groups": [],
                "self": false,
                "to_port": 80
              },
              {
                "cidr_blocks": [
                  "0.0.0.0/0"
                ],
                "description": "allow ssh",
                "from_port": 22,
                "ipv6_cidr_blocks": [],
                "prefix_list_ids": [],
                "protocol": "tcp",
                "security_groups": [],
                "self": false,
                "to_port": 22
              }
            ],
            "name": "mysg",
            "name_prefix": "",
            "owner_id": "242201268173",
            "revoke_rules_on_delete": false,
            "tags": {
              "Name": "mysg"
            },
            "tags_all": {
              "Name": "mysg"
            },
            "timeouts": null,
            "vpc_id": "vpc-09f33736d31f0331c"
          },
          "sensitive_attributes": [],
          "private": "eyJlMmJmYjczMC1lY2FhLTExZTYtOGY4OC0zNDM2M2JjN2M0YzAiOnsiY3JlYXRlIjo2MDAwMDAwMDAwMDAsImRlbGV0ZSI6OTAwMDAwMDAwMDAwfSwic2NoZW1hX3ZlcnNpb24iOiIxIn0=",
          "dependencies": [
            "aws_vpc.my_vpc"
          ]
        }
      ]
    },
    {
      "mode": "managed",
      "type": "aws_subnet",
      "name": "private_subnet",
      "provider": "provider[\"registry.terraform.io/hashicorp/aws\"]",
      "instances": [
        {
          "schema_version": 1,
          "attributes": {
            "arn": "arn:aws:ec2:us-east-1:242201268173:subnet/subnet-00a33005cc7f46fd5",
            "assign_ipv6_address_on_creation": false,
            "availability_zone": "us-east-1a",
            "availability_zone_id": "use1-az2",
            "cidr_block": "10.0.16.0/24",
            "customer_owned_ipv4_pool": "",
            "enable_dns64": false,
            "enable_lni_at_device_index": 0,
            "enable_resource_name_dns_a_record_on_launch": false,
            "enable_resource_name_dns_aaaa_record_on_launch": false,
            "id": "subnet-00a33005cc7f46fd5",
            "ipv6_cidr_block": "",
            "ipv6_cidr_block_association_id": "",
            "ipv6_native": false,
            "map_customer_owned_ip_on_launch": false,
            "map_public_ip_on_launch": false,
            "outpost_arn": "",
            "owner_id": "242201268173",
            "private_dns_hostname_type_on_launch": "ip-name",
            "tags": {
              "Name": "private_subnet"
            },
            "tags_all": {
              "Name": "private_subnet"
            },
            "timeouts": null,
            "vpc_id": "vpc-09f33736d31f0331c"
          },
          "sensitive_attributes": [],
          "private": "eyJlMmJmYjczMC1lY2FhLTExZTYtOGY4OC0zNDM2M2JjN2M0YzAiOnsiY3JlYXRlIjo2MDAwMDAwMDAwMDAsImRlbGV0ZSI6MTIwMDAwMDAwMDAwMH0sInNjaGVtYV92ZXJzaW9uIjoiMSJ9",
          "dependencies": [
            "aws_vpc.my_vpc"
          ]
        }
      ]
    },
    {
      "mode": "managed",
      "type": "aws_subnet",
      "name": "pub_subnet",
      "provider": "provider[\"registry.terraform.io/hashicorp/aws\"]",
      "instances": [
        {
          "schema_version": 1,
          "attributes": {
            "arn": "arn:aws:ec2:us-east-1:242201268173:subnet/subnet-000c61941b5cff963",
            "assign_ipv6_address_on_creation": false,
            "availability_zone": "us-east-1a",
            "availability_zone_id": "use1-az2",
            "cidr_block": "10.0.1.0/24",
            "customer_owned_ipv4_pool": "",
            "enable_dns64": false,
            "enable_lni_at_device_index": 0,
            "enable_resource_name_dns_a_record_on_launch": false,
            "enable_resource_name_dns_aaaa_record_on_launch": false,
            "id": "subnet-000c61941b5cff963",
            "ipv6_cidr_block": "",
            "ipv6_cidr_block_association_id": "",
            "ipv6_native": false,
            "map_customer_owned_ip_on_launch": false,
            "map_public_ip_on_launch": true,
            "outpost_arn": "",
            "owner_id": "242201268173",
            "private_dns_hostname_type_on_launch": "ip-name",
            "tags": {
              "Name": "pub-subnet"
            },
            "tags_all": {
              "Name": "pub-subnet"
            },
            "timeouts": null,
            "vpc_id": "vpc-09f33736d31f0331c"
          },
          "sensitive_attributes": [],
          "private": "eyJlMmJmYjczMC1lY2FhLTExZTYtOGY4OC0zNDM2M2JjN2M0YzAiOnsiY3JlYXRlIjo2MDAwMDAwMDAwMDAsImRlbGV0ZSI6MTIwMDAwMDAwMDAwMH0sInNjaGVtYV92ZXJzaW9uIjoiMSJ9",
          "dependencies": [
            "aws_vpc.my_vpc"
          ]
        }
      ]
    },
    {
      "mode": "managed",
      "type": "aws_vpc",
      "name": "my_vpc",
      "provider": "provider[\"registry.terraform.io/hashicorp/aws\"]",
      "instances": [
        {
          "schema_version": 1,
          "attributes": {
            "arn": "arn:aws:ec2:us-east-1:242201268173:vpc/vpc-09f33736d31f0331c",
            "assign_generated_ipv6_cidr_block": false,
            "cidr_block": "10.0.0.0/16",
            "default_network_acl_id": "acl-0b012e0ec71a8554f",
            "default_route_table_id": "rtb-0e414f32d5c831265",
            "default_security_group_id": "sg-0198566b53a3af62b",
            "dhcp_options_id": "dopt-00191963a3b3ad326",
            "enable_dns_hostnames": false,
            "enable_dns_support": true,
            "enable_network_address_usage_metrics": false,
            "id": "vpc-09f33736d31f0331c",
            "instance_tenancy": "default",
            "ipv4_ipam_pool_id": null,
            "ipv4_netmask_length": null,
            "ipv6_association_id": "",
            "ipv6_cidr_block": "",
            "ipv6_cidr_block_network_border_group": "",
            "ipv6_ipam_pool_id": "",
            "ipv6_netmask_length": 0,
            "main_route_table_id": "rtb-0e414f32d5c831265",
            "owner_id": "242201268173",
            "tags": {
              "Nane": "my_vpc"
            },
            "tags_all": {
              "Nane": "my_vpc"
            }
          },
          "sensitive_attributes": [],
          "private": "eyJzY2hlbWFfdmVyc2lvbiI6IjEifQ=="
        }
      ]
    },
    {
      "mode": "managed",
      "type": "local_file",
      "name": "private_key_pem",
      "provider": "provider[\"registry.terraform.io/hashicorp/local\"]",
      "instances": [
        {
          "schema_version": 0,
          "attributes": {
            "content": "-----BEGIN RSA PRIVATE KEY-----\nMIIJKAIBAAKCAgEA4Iqxi0QSuP+acpvmFpcm0/QithMflPNjOMnJ3yI50JaqkUX0\ndAud9rKZKe3hslgP/8OLe6Cbi2Zqo49YTOiM/NcKt2btqD2teMwZF5imOIwWvlhH\n9Pehhr8iJpf4zEa+vGd4UqYVFAiNNxVju3Arw2g5YbNfRJlFbphLOM4Pjw0NGbne\ncq72p9cWDf97tZq12cOtFPOKYGsHhqDEh+j3Z5nqk8ilHFE86m6NJUu5fisbehaB\npiamInpEDtbJFZwnC1h9yRxal9TF+FBjUoiGtCBnV6xIxPWilZbOeZlGu1ufh3mO\nAj08nluVW0CJRYgmOR3bU7JnrSEgaha1I7mG0VznPFLMorGsr5blq1a4ITJR5yYo\n03lzogft/3dTAyKxo6wtp7wJ49MOdVNAVRTdQTPS5Opsr5dYIdRLtFpip0O/Vkd1\nGoAgU9fLjnX4auXX0dxJOe81iJvOlA1B8w86QLgaB83K6a2IORvtxmqjM/GKcKc3\n0axdJNpnoZDQAOn4rIhwYoCFqsusXVjuwHeZe0BApGRqqrV8mOUOX5CwtccbobYm\nsFIlXUmHfpbO7gHgUKwywZetn6Y9Zf8hTMAJB0tmL4aVuv/MB/FvkkPWklsvQDeF\nIjUZVW+OW6lEnq6VZNFiwBQryNOSjVXvqgEE/xPSwC6zOq9LuTw7HycQYTECAwEA\nAQKCAgAD5C5hWSQp0WK2LN1twSnySI9KLRPFfD5tWx+UDD1MNSW1Uy0CR9XJHTT8\nyg+d3UcYOs4VNKLXjdqI/qMY7hzMcULDyIs1Qt0B/pOAbmv+L/0C6kHbFxdwFbe8\nIwPVqggYqAk8+C0T6wnqoX355fMLyespgF+IhvENEohT05znXLnvXmJ9VpNE1g0D\n0p1OQgA0h6+TSJ0YzfwlAm6d6boAiNEXCNOxzc5MbNQYy8NziBE+Y3zHV35+4/48\nNtzADZ/BY3LrqTDX/tGzLHa8m8VCEAt899JbjSb2xUc3BtiMMrt6otrINEHzfz8V\nM1EKVK3+y3Wj/t8C8EY24HTDBnGuyM2PMn2GjtVKu/nbidSMqRt0mMqrmf+bbmk+\nc/pCFSX+1sxVBdrJEHLVcDK8hsghq+IKgi/ZPYz0Qa/TtxS3zj4eCTY9OgncBAhs\nG9xFDVOqGC5td64aPHaktG+yQgdAOtHve50YL9nAzYmUodOofGaiHeCVv9s4kVpJ\nR7FU5KkULdZSPcyOCwbR7IdGHxddtWy0ZXG+gnzmfebjIsbzqpebxiZwn0GPtmYQ\nNWQBtAhT4ZyAEPyNFA/u5yFtptan7mumno8Nen6dLLouitpakAjmIDgpgULTNtUf\nUrrxu9nICLIpMI19MwHvJrfFSMQ3R5U3GdYIqkKzqvsklU+E8wKCAQEA+NS6LNVb\n1IOoKkEME3SZkFQ0e/uahM0uUt3HGBI/L8BH9R3wVxCL2D/Lfr9fRWLkunSQ4JbP\nQVqdLKdZ/8LEG3Vr22uff4qNyv8RowouGjmmrhJpiZBn2sanJv+EaXdsSS7JkAko\neIoE9sSUYkxqHiQI1GTQze/DNCV5Nf/K8V3VuPo+b9V6ccLb/bauU6lUc7R0lky7\nPQNOdOgtvU4pIeUUaV4j6wWMG0nKnxMrA/KSnrvaqjZMnj16XzLcnk1wsTGFgO/B\naRjRfOYE0R4N7IDlttBZ6Xg3bqVGnuGmwQGASrFyuIAQ/acmtbGToVe3lm3xurzg\ndJlLgvUJqjCWawKCAQEA5wLRwyY86DDzQYqdbFNwuC20FH+2hK/DNzWqxYHGCMPj\nyLXw7IwdVEKlFupj8Yfv72r4Ge+tWmm0rLNYpg8x3z9D3GVSG1vEwei4McSZkqNS\nubIS5Snjm8pGwaR/EZzPR9KHfCClLlDRw554tcuZZKec9L4sQO1rV8Ht069j1Gqy\n/amMvGe9qHiJwQTsxDGZFP9SsM0ayK1Eg/hVz53P+3kawDFhdi3B5eimZRMeRpDC\nzj+45tZ7ROPy+jNE944oMWT3ucNEuA5au5mbl832C/iJ88dYVjtWWPQsuRBitmw0\n+BVvUMgb62W0E1mgjADbOZdhBaJ5XOeUYUY6xzD10wKCAQEA0+sgcCR55AEIzIu/\nhCZOzsvYMytySt4QMMTu1gJcTAe/gPOxiATwhQi3/8dulUKHOIEkDhKCis9oguo4\nTQmMSTJ03FfJbC8NWbBoTenSn8UvvpqxxVX2DS4Yl68QD16FG8K8KW6TSC2L0rpT\nAXDBA9B+sJz39BvZrOSpWaLzLSNUbQi6+jXe5VomT+swhtH0ueIbVRIeePUC8a/3\nnH0frN1Tx/VEM9nynB75cQc7IE6MLqIgtcwu7qm/OaqwmCWt70sUv13x49ceOvgP\nbCXjh+OzQEIsARnAY/xgq9nUUhY8M+Dyqk1vqwebgSyuZb+1/GjAceCAbO1NkUet\npoNg5wKCAQA/ngcmNuGPD+vtoL65lkD0d6GgA4u//qdEDQN6YMKop0mTfIdcnTl2\neuP765Cac1UgGdU5T0fuHi4jYUCIeqbBVCrcBwsVfbAxtmUDT6D7QP8HJIMPmPmV\nbZ8OtL5Jm2V54gBtro/OsXMS7BFR/z+++GnA/J4zQy7MfBuCsEpNtRSVxpt7RxZz\nzr4g6bpKTV5a6fVbuyAlI5I6xajcBBnCpxc21mKAqRk8t1UbgKhVxoffRK0m5OoN\njrjbLkNP6VYoRCX0glHqXgmeoC65H38izM8w0zUAila9KIEoddq5YhM0PrLpDDKk\nIN32djhAVfwJYCbX5maFr0CtiSmmsVUBAoIBAEMhQ27E2j+PwycuYxxgjHbpm9T3\nwSbUn+LRJLoZkdQRG8j0kaNlL72OhYmWewsmozGnMimX7MD1X+tbkjzwJJxR+tTD\nSrVXQtx+iWW+R7BFJKzgKEmvitkxkHPUGZRfMemaLUyLwMkPqSYj9EOdAP5sKmrr\n5wuqVZDlPmhdCQWMFaVRU9zi3b0cQL4Hgf5z0z4uUzlS3dMG5PsLoYPx6G1cLsMO\nc+gjVVu23BivXkBmEdDYtbihH4yJkcY0q428cZ1o2uNSZMEIsbmRZSCdV+Lq0acZ\nY5Pl9D8MCHgIs03dSDjFr1nuzSaWbcN2YB6PurTo1ASc1FAfo5qyIt+3v/k=\n-----END RSA PRIVATE KEY-----\n",
            "content_base64": null,
            "content_base64sha256": "uXzhlhczYNtSgFguG8ijzkMlecTe792z5SjymB3VqNQ=",
            "content_base64sha512": "y8KS5OC036e6TEGJqB7q+fQ1Fw/9inUzPRoRprMJpaiTfCgQD9xkhnCdIaVhOSvmz/W9i7hR+UvpDbwMEd7BdA==",
            "content_md5": "1f2079035f9e1e77b8d90753949d562e",
            "content_sha1": "75c300e16d112308c89ef02d16744839ead9f274",
            "content_sha256": "b97ce196173360db5280582e1bc8a3ce432579c4deefddb3e528f2981dd5a8d4",
            "content_sha512": "cbc292e4e0b4dfa7ba4c4189a81eeaf9f435170ffd8a75333d1a11a6b309a5a8937c28100fdc6486709d21a561392be6cff5bd8bb851f94be90dbc0c11dec174",
            "directory_permission": "0777",
            "file_permission": "0600",
            "filename": "./generated-key.pem",
            "id": "75c300e16d112308c89ef02d16744839ead9f274",
            "sensitive_content": null,
            "source": null
          },
          "sensitive_attributes": [
            [
              {
                "type": "get_attr",
                "value": "content"
              }
            ],
            [
              {
                "type": "get_attr",
                "value": "sensitive_content"
              }
            ]
          ],
          "dependencies": [
            "tls_private_key.ssh_key"
          ]
        }
      ]
    },
    {
      "mode": "managed",
      "type": "tls_private_key",
      "name": "ssh_key",
      "provider": "provider[\"registry.terraform.io/hashicorp/tls\"]",
      "instances": [
        {
          "schema_version": 1,
          "attributes": {
            "algorithm": "RSA",
            "ecdsa_curve": "P224",
            "id": "6c87d51805a9fa26379061ee394dac117892a7de",
            "private_key_openssh": "-----BEGIN OPENSSH PRIVATE KEY-----\nb3BlbnNzaC1rZXktdjEAAAAABG5vbmUAAAAEbm9uZQAAAAAAAAABAAACFwAAAAdz\nc2gtcnNhAAAAAwEAAQAAAgEA4Iqxi0QSuP+acpvmFpcm0/QithMflPNjOMnJ3yI5\n0JaqkUX0dAud9rKZKe3hslgP/8OLe6Cbi2Zqo49YTOiM/NcKt2btqD2teMwZF5im\nOIwWvlhH9Pehhr8iJpf4zEa+vGd4UqYVFAiNNxVju3Arw2g5YbNfRJlFbphLOM4P\njw0NGbnecq72p9cWDf97tZq12cOtFPOKYGsHhqDEh+j3Z5nqk8ilHFE86m6NJUu5\nfisbehaBpiamInpEDtbJFZwnC1h9yRxal9TF+FBjUoiGtCBnV6xIxPWilZbOeZlG\nu1ufh3mOAj08nluVW0CJRYgmOR3bU7JnrSEgaha1I7mG0VznPFLMorGsr5blq1a4\nITJR5yYo03lzogft/3dTAyKxo6wtp7wJ49MOdVNAVRTdQTPS5Opsr5dYIdRLtFpi\np0O/Vkd1GoAgU9fLjnX4auXX0dxJOe81iJvOlA1B8w86QLgaB83K6a2IORvtxmqj\nM/GKcKc30axdJNpnoZDQAOn4rIhwYoCFqsusXVjuwHeZe0BApGRqqrV8mOUOX5Cw\ntccbobYmsFIlXUmHfpbO7gHgUKwywZetn6Y9Zf8hTMAJB0tmL4aVuv/MB/FvkkPW\nklsvQDeFIjUZVW+OW6lEnq6VZNFiwBQryNOSjVXvqgEE/xPSwC6zOq9LuTw7HycQ\nYTEAAAc4skGX27JBl9sAAAAHc3NoLXJzYQAAAgEA4Iqxi0QSuP+acpvmFpcm0/Qi\nthMflPNjOMnJ3yI50JaqkUX0dAud9rKZKe3hslgP/8OLe6Cbi2Zqo49YTOiM/NcK\nt2btqD2teMwZF5imOIwWvlhH9Pehhr8iJpf4zEa+vGd4UqYVFAiNNxVju3Arw2g5\nYbNfRJlFbphLOM4Pjw0NGbnecq72p9cWDf97tZq12cOtFPOKYGsHhqDEh+j3Z5nq\nk8ilHFE86m6NJUu5fisbehaBpiamInpEDtbJFZwnC1h9yRxal9TF+FBjUoiGtCBn\nV6xIxPWilZbOeZlGu1ufh3mOAj08nluVW0CJRYgmOR3bU7JnrSEgaha1I7mG0Vzn\nPFLMorGsr5blq1a4ITJR5yYo03lzogft/3dTAyKxo6wtp7wJ49MOdVNAVRTdQTPS\n5Opsr5dYIdRLtFpip0O/Vkd1GoAgU9fLjnX4auXX0dxJOe81iJvOlA1B8w86QLga\nB83K6a2IORvtxmqjM/GKcKc30axdJNpnoZDQAOn4rIhwYoCFqsusXVjuwHeZe0BA\npGRqqrV8mOUOX5CwtccbobYmsFIlXUmHfpbO7gHgUKwywZetn6Y9Zf8hTMAJB0tm\nL4aVuv/MB/FvkkPWklsvQDeFIjUZVW+OW6lEnq6VZNFiwBQryNOSjVXvqgEE/xPS\nwC6zOq9LuTw7HycQYTEAAAADAQABAAACAAPkLmFZJCnRYrYs3W3BKfJIj0otE8V8\nPm1bH5QMPUw1JbVTLQJH1ckdNPzKD53dRxg6zhU0oteN2oj+oxjuHMxxQsPIizVC\n3QH+k4Bua/4v/QLqQdsXF3AVt7wjA9WqCBioCTz4LRPrCeqhffnl8wvJ6ymAX4iG\n8Q0SiFPTnOdcue9eYn1Wk0TWDQPSnU5CADSHr5NInRjN/CUCbp3pugCI0RcI07HN\nzkxs1BjLw3OIET5jfMdXfn7j/jw23MANn8FjcuupMNf+0bMsdrybxUIQC3z30luN\nJvbFRzcG2Iwyu3qi2sg0QfN/PxUzUQpUrf7LdaP+3wLwRjbgdMMGca7IzY8yfYaO\n1Uq7+duJ1IypG3SYyquZ/5tuaT5z+kIVJf7WzFUF2skQctVwMryGyCGr4gqCL9k9\njPRBr9O3FLfOPh4JNj06CdwECGwb3EUNU6oYLm13rho8dqS0b7JCB0A60e97nRgv\n2cDNiZSh06h8ZqId4JW/2ziRWklHsVTkqRQt1lI9zI4LBtHsh0YfF121bLRlcb6C\nfOZ95uMixvOql5vGJnCfQY+2ZhA1ZAG0CFPhnIAQ/I0UD+7nIW2m1qfua6aejw16\nfp0sui6K2lqQCOYgOCmBQtM21R9SuvG72cgIsikwjX0zAe8mt8VIxDdHlTcZ1giq\nQrOq+ySVT4TzAAABAEMhQ27E2j+PwycuYxxgjHbpm9T3wSbUn+LRJLoZkdQRG8j0\nkaNlL72OhYmWewsmozGnMimX7MD1X+tbkjzwJJxR+tTDSrVXQtx+iWW+R7BFJKzg\nKEmvitkxkHPUGZRfMemaLUyLwMkPqSYj9EOdAP5sKmrr5wuqVZDlPmhdCQWMFaVR\nU9zi3b0cQL4Hgf5z0z4uUzlS3dMG5PsLoYPx6G1cLsMOc+gjVVu23BivXkBmEdDY\ntbihH4yJkcY0q428cZ1o2uNSZMEIsbmRZSCdV+Lq0acZY5Pl9D8MCHgIs03dSDjF\nr1nuzSaWbcN2YB6PurTo1ASc1FAfo5qyIt+3v/kAAAEBAPjUuizVW9SDqCpBDBN0\nmZBUNHv7moTNLlLdxxgSPy/AR/Ud8FcQi9g/y36/X0Vi5Lp0kOCWz0FanSynWf/C\nxBt1a9trn3+Kjcr/EaMKLho5pq4SaYmQZ9rGpyb/hGl3bEkuyZAJKHiKBPbElGJM\nah4kCNRk0M3vwzQleTX/yvFd1bj6Pm/VenHC2/22rlOpVHO0dJZMuz0DTnToLb1O\nKSHlFGleI+sFjBtJyp8TKwPykp672qo2TJ49el8y3J5NcLExhYDvwWkY0XzmBNEe\nDeyA5bbQWel4N26lRp7hpsEBgEqxcriAEP2nJrWxk6FXt5Zt8bq84HSZS4L1Caow\nlmsAAAEBAOcC0cMmPOgw80GKnWxTcLgttBR/toSvwzc1qsWBxgjD48i18OyMHVRC\npRbqY/GH7+9q+BnvrVpptKyzWKYPMd8/Q9xlUhtbxMHouDHEmZKjUrmyEuUp45vK\nRsGkfxGcz0fSh3wgpS5Q0cOeeLXLmWSnnPS+LEDta1fB7dOvY9Rqsv2pjLxnvah4\nicEE7MQxmRT/UrDNGsitRIP4Vc+dz/t5GsAxYXYtweXopmUTHkaQws4/uObWe0Tj\n8vozRPeOKDFk97nDRLgOWruZm5fN9gv4ifPHWFY7Vlj0LLkQYrZsNPgVb1DIG+tl\ntBNZoIwA2zmXYQWieVznlGFGOscw9dMAAAAAAQID\n-----END OPENSSH PRIVATE KEY-----\n",
            "private_key_pem": "-----BEGIN RSA PRIVATE KEY-----\nMIIJKAIBAAKCAgEA4Iqxi0QSuP+acpvmFpcm0/QithMflPNjOMnJ3yI50JaqkUX0\ndAud9rKZKe3hslgP/8OLe6Cbi2Zqo49YTOiM/NcKt2btqD2teMwZF5imOIwWvlhH\n9Pehhr8iJpf4zEa+vGd4UqYVFAiNNxVju3Arw2g5YbNfRJlFbphLOM4Pjw0NGbne\ncq72p9cWDf97tZq12cOtFPOKYGsHhqDEh+j3Z5nqk8ilHFE86m6NJUu5fisbehaB\npiamInpEDtbJFZwnC1h9yRxal9TF+FBjUoiGtCBnV6xIxPWilZbOeZlGu1ufh3mO\nAj08nluVW0CJRYgmOR3bU7JnrSEgaha1I7mG0VznPFLMorGsr5blq1a4ITJR5yYo\n03lzogft/3dTAyKxo6wtp7wJ49MOdVNAVRTdQTPS5Opsr5dYIdRLtFpip0O/Vkd1\nGoAgU9fLjnX4auXX0dxJOe81iJvOlA1B8w86QLgaB83K6a2IORvtxmqjM/GKcKc3\n0axdJNpnoZDQAOn4rIhwYoCFqsusXVjuwHeZe0BApGRqqrV8mOUOX5CwtccbobYm\nsFIlXUmHfpbO7gHgUKwywZetn6Y9Zf8hTMAJB0tmL4aVuv/MB/FvkkPWklsvQDeF\nIjUZVW+OW6lEnq6VZNFiwBQryNOSjVXvqgEE/xPSwC6zOq9LuTw7HycQYTECAwEA\nAQKCAgAD5C5hWSQp0WK2LN1twSnySI9KLRPFfD5tWx+UDD1MNSW1Uy0CR9XJHTT8\nyg+d3UcYOs4VNKLXjdqI/qMY7hzMcULDyIs1Qt0B/pOAbmv+L/0C6kHbFxdwFbe8\nIwPVqggYqAk8+C0T6wnqoX355fMLyespgF+IhvENEohT05znXLnvXmJ9VpNE1g0D\n0p1OQgA0h6+TSJ0YzfwlAm6d6boAiNEXCNOxzc5MbNQYy8NziBE+Y3zHV35+4/48\nNtzADZ/BY3LrqTDX/tGzLHa8m8VCEAt899JbjSb2xUc3BtiMMrt6otrINEHzfz8V\nM1EKVK3+y3Wj/t8C8EY24HTDBnGuyM2PMn2GjtVKu/nbidSMqRt0mMqrmf+bbmk+\nc/pCFSX+1sxVBdrJEHLVcDK8hsghq+IKgi/ZPYz0Qa/TtxS3zj4eCTY9OgncBAhs\nG9xFDVOqGC5td64aPHaktG+yQgdAOtHve50YL9nAzYmUodOofGaiHeCVv9s4kVpJ\nR7FU5KkULdZSPcyOCwbR7IdGHxddtWy0ZXG+gnzmfebjIsbzqpebxiZwn0GPtmYQ\nNWQBtAhT4ZyAEPyNFA/u5yFtptan7mumno8Nen6dLLouitpakAjmIDgpgULTNtUf\nUrrxu9nICLIpMI19MwHvJrfFSMQ3R5U3GdYIqkKzqvsklU+E8wKCAQEA+NS6LNVb\n1IOoKkEME3SZkFQ0e/uahM0uUt3HGBI/L8BH9R3wVxCL2D/Lfr9fRWLkunSQ4JbP\nQVqdLKdZ/8LEG3Vr22uff4qNyv8RowouGjmmrhJpiZBn2sanJv+EaXdsSS7JkAko\neIoE9sSUYkxqHiQI1GTQze/DNCV5Nf/K8V3VuPo+b9V6ccLb/bauU6lUc7R0lky7\nPQNOdOgtvU4pIeUUaV4j6wWMG0nKnxMrA/KSnrvaqjZMnj16XzLcnk1wsTGFgO/B\naRjRfOYE0R4N7IDlttBZ6Xg3bqVGnuGmwQGASrFyuIAQ/acmtbGToVe3lm3xurzg\ndJlLgvUJqjCWawKCAQEA5wLRwyY86DDzQYqdbFNwuC20FH+2hK/DNzWqxYHGCMPj\nyLXw7IwdVEKlFupj8Yfv72r4Ge+tWmm0rLNYpg8x3z9D3GVSG1vEwei4McSZkqNS\nubIS5Snjm8pGwaR/EZzPR9KHfCClLlDRw554tcuZZKec9L4sQO1rV8Ht069j1Gqy\n/amMvGe9qHiJwQTsxDGZFP9SsM0ayK1Eg/hVz53P+3kawDFhdi3B5eimZRMeRpDC\nzj+45tZ7ROPy+jNE944oMWT3ucNEuA5au5mbl832C/iJ88dYVjtWWPQsuRBitmw0\n+BVvUMgb62W0E1mgjADbOZdhBaJ5XOeUYUY6xzD10wKCAQEA0+sgcCR55AEIzIu/\nhCZOzsvYMytySt4QMMTu1gJcTAe/gPOxiATwhQi3/8dulUKHOIEkDhKCis9oguo4\nTQmMSTJ03FfJbC8NWbBoTenSn8UvvpqxxVX2DS4Yl68QD16FG8K8KW6TSC2L0rpT\nAXDBA9B+sJz39BvZrOSpWaLzLSNUbQi6+jXe5VomT+swhtH0ueIbVRIeePUC8a/3\nnH0frN1Tx/VEM9nynB75cQc7IE6MLqIgtcwu7qm/OaqwmCWt70sUv13x49ceOvgP\nbCXjh+OzQEIsARnAY/xgq9nUUhY8M+Dyqk1vqwebgSyuZb+1/GjAceCAbO1NkUet\npoNg5wKCAQA/ngcmNuGPD+vtoL65lkD0d6GgA4u//qdEDQN6YMKop0mTfIdcnTl2\neuP765Cac1UgGdU5T0fuHi4jYUCIeqbBVCrcBwsVfbAxtmUDT6D7QP8HJIMPmPmV\nbZ8OtL5Jm2V54gBtro/OsXMS7BFR/z+++GnA/J4zQy7MfBuCsEpNtRSVxpt7RxZz\nzr4g6bpKTV5a6fVbuyAlI5I6xajcBBnCpxc21mKAqRk8t1UbgKhVxoffRK0m5OoN\njrjbLkNP6VYoRCX0glHqXgmeoC65H38izM8w0zUAila9KIEoddq5YhM0PrLpDDKk\nIN32djhAVfwJYCbX5maFr0CtiSmmsVUBAoIBAEMhQ27E2j+PwycuYxxgjHbpm9T3\nwSbUn+LRJLoZkdQRG8j0kaNlL72OhYmWewsmozGnMimX7MD1X+tbkjzwJJxR+tTD\nSrVXQtx+iWW+R7BFJKzgKEmvitkxkHPUGZRfMemaLUyLwMkPqSYj9EOdAP5sKmrr\n5wuqVZDlPmhdCQWMFaVRU9zi3b0cQL4Hgf5z0z4uUzlS3dMG5PsLoYPx6G1cLsMO\nc+gjVVu23BivXkBmEdDYtbihH4yJkcY0q428cZ1o2uNSZMEIsbmRZSCdV+Lq0acZ\nY5Pl9D8MCHgIs03dSDjFr1nuzSaWbcN2YB6PurTo1ASc1FAfo5qyIt+3v/k=\n-----END RSA PRIVATE KEY-----\n",
            "private_key_pem_pkcs8": "-----BEGIN PRIVATE KEY-----\nMIIJQgIBADANBgkqhkiG9w0BAQEFAASCCSwwggkoAgEAAoICAQDgirGLRBK4/5py\nm+YWlybT9CK2Ex+U82M4ycnfIjnQlqqRRfR0C532spkp7eGyWA//w4t7oJuLZmqj\nj1hM6Iz81wq3Zu2oPa14zBkXmKY4jBa+WEf096GGvyIml/jMRr68Z3hSphUUCI03\nFWO7cCvDaDlhs19EmUVumEs4zg+PDQ0Zud5yrvan1xYN/3u1mrXZw60U84pgaweG\noMSH6PdnmeqTyKUcUTzqbo0lS7l+Kxt6FoGmJqYiekQO1skVnCcLWH3JHFqX1MX4\nUGNSiIa0IGdXrEjE9aKVls55mUa7W5+HeY4CPTyeW5VbQIlFiCY5HdtTsmetISBq\nFrUjuYbRXOc8UsyisayvluWrVrghMlHnJijTeXOiB+3/d1MDIrGjrC2nvAnj0w51\nU0BVFN1BM9Lk6myvl1gh1Eu0WmKnQ79WR3UagCBT18uOdfhq5dfR3Ek57zWIm86U\nDUHzDzpAuBoHzcrprYg5G+3GaqMz8YpwpzfRrF0k2mehkNAA6fisiHBigIWqy6xd\nWO7Ad5l7QECkZGqqtXyY5Q5fkLC1xxuhtiawUiVdSYd+ls7uAeBQrDLBl62fpj1l\n/yFMwAkHS2YvhpW6/8wH8W+SQ9aSWy9AN4UiNRlVb45bqUSerpVk0WLAFCvI05KN\nVe+qAQT/E9LALrM6r0u5PDsfJxBhMQIDAQABAoICAAPkLmFZJCnRYrYs3W3BKfJI\nj0otE8V8Pm1bH5QMPUw1JbVTLQJH1ckdNPzKD53dRxg6zhU0oteN2oj+oxjuHMxx\nQsPIizVC3QH+k4Bua/4v/QLqQdsXF3AVt7wjA9WqCBioCTz4LRPrCeqhffnl8wvJ\n6ymAX4iG8Q0SiFPTnOdcue9eYn1Wk0TWDQPSnU5CADSHr5NInRjN/CUCbp3pugCI\n0RcI07HNzkxs1BjLw3OIET5jfMdXfn7j/jw23MANn8FjcuupMNf+0bMsdrybxUIQ\nC3z30luNJvbFRzcG2Iwyu3qi2sg0QfN/PxUzUQpUrf7LdaP+3wLwRjbgdMMGca7I\nzY8yfYaO1Uq7+duJ1IypG3SYyquZ/5tuaT5z+kIVJf7WzFUF2skQctVwMryGyCGr\n4gqCL9k9jPRBr9O3FLfOPh4JNj06CdwECGwb3EUNU6oYLm13rho8dqS0b7JCB0A6\n0e97nRgv2cDNiZSh06h8ZqId4JW/2ziRWklHsVTkqRQt1lI9zI4LBtHsh0YfF121\nbLRlcb6CfOZ95uMixvOql5vGJnCfQY+2ZhA1ZAG0CFPhnIAQ/I0UD+7nIW2m1qfu\na6aejw16fp0sui6K2lqQCOYgOCmBQtM21R9SuvG72cgIsikwjX0zAe8mt8VIxDdH\nlTcZ1giqQrOq+ySVT4TzAoIBAQD41Los1VvUg6gqQQwTdJmQVDR7+5qEzS5S3ccY\nEj8vwEf1HfBXEIvYP8t+v19FYuS6dJDgls9BWp0sp1n/wsQbdWvba59/io3K/xGj\nCi4aOaauEmmJkGfaxqcm/4Rpd2xJLsmQCSh4igT2xJRiTGoeJAjUZNDN78M0JXk1\n/8rxXdW4+j5v1Xpxwtv9tq5TqVRztHSWTLs9A0506C29Tikh5RRpXiPrBYwbScqf\nEysD8pKeu9qqNkyePXpfMtyeTXCxMYWA78FpGNF85gTRHg3sgOW20FnpeDdupUae\n4abBAYBKsXK4gBD9pya1sZOhV7eWbfG6vOB0mUuC9QmqMJZrAoIBAQDnAtHDJjzo\nMPNBip1sU3C4LbQUf7aEr8M3NarFgcYIw+PItfDsjB1UQqUW6mPxh+/vavgZ761a\nabSss1imDzHfP0PcZVIbW8TB6LgxxJmSo1K5shLlKeObykbBpH8RnM9H0od8IKUu\nUNHDnni1y5lkp5z0vixA7WtXwe3Tr2PUarL9qYy8Z72oeInBBOzEMZkU/1KwzRrI\nrUSD+FXPnc/7eRrAMWF2LcHl6KZlEx5GkMLOP7jm1ntE4/L6M0T3jigxZPe5w0S4\nDlq7mZuXzfYL+Inzx1hWO1ZY9Cy5EGK2bDT4FW9QyBvrZbQTWaCMANs5l2EFonlc\n55RhRjrHMPXTAoIBAQDT6yBwJHnkAQjMi7+EJk7Oy9gzK3JK3hAwxO7WAlxMB7+A\n87GIBPCFCLf/x26VQoc4gSQOEoKKz2iC6jhNCYxJMnTcV8lsLw1ZsGhN6dKfxS++\nmrHFVfYNLhiXrxAPXoUbwrwpbpNILYvSulMBcMED0H6wnPf0G9ms5KlZovMtI1Rt\nCLr6Nd7lWiZP6zCG0fS54htVEh549QLxr/ecfR+s3VPH9UQz2fKcHvlxBzsgTowu\noiC1zC7uqb85qrCYJa3vSxS/XfHj1x46+A9sJeOH47NAQiwBGcBj/GCr2dRSFjwz\n4PKqTW+rB5uBLK5lv7X8aMBx4IBs7U2RR62mg2DnAoIBAD+eByY24Y8P6+2gvrmW\nQPR3oaADi7/+p0QNA3pgwqinSZN8h1ydOXZ64/vrkJpzVSAZ1TlPR+4eLiNhQIh6\npsFUKtwHCxV9sDG2ZQNPoPtA/wckgw+Y+ZVtnw60vkmbZXniAG2uj86xcxLsEVH/\nP774acD8njNDLsx8G4KwSk21FJXGm3tHFnPOviDpukpNXlrp9Vu7ICUjkjrFqNwE\nGcKnFzbWYoCpGTy3VRuAqFXGh99ErSbk6g2OuNsuQ0/pVihEJfSCUepeCZ6gLrkf\nfyLMzzDTNQCKVr0ogSh12rliEzQ+sukMMqQg3fZ2OEBV/AlgJtfmZoWvQK2JKaax\nVQECggEAQyFDbsTaP4/DJy5jHGCMdumb1PfBJtSf4tEkuhmR1BEbyPSRo2UvvY6F\niZZ7CyajMacyKZfswPVf61uSPPAknFH61MNKtVdC3H6JZb5HsEUkrOAoSa+K2TGQ\nc9QZlF8x6ZotTIvAyQ+pJiP0Q50A/mwqauvnC6pVkOU+aF0JBYwVpVFT3OLdvRxA\nvgeB/nPTPi5TOVLd0wbk+wuhg/HobVwuww5z6CNVW7bcGK9eQGYR0Ni1uKEfjImR\nxjSrjbxxnWja41JkwQixuZFlIJ1X4urRpxljk+X0PwwIeAizTd1IOMWvWe7NJpZt\nw3ZgHo+6tOjUBJzUUB+jmrIi37e/+Q==\n-----END PRIVATE KEY-----\n",
            "public_key_fingerprint_md5": "47:d5:44:a9:f5:81:83:6f:02:8c:0f:32:bd:52:0d:2d",
            "public_key_fingerprint_sha256": "SHA256:LnKbPYnqcFKSKFZAt9kMsapfUkv1OC60tWGiS9N3g3w",
            "public_key_openssh": "ssh-rsa AAAAB3NzaC1yc2EAAAADAQABAAACAQDgirGLRBK4/5pym+YWlybT9CK2Ex+U82M4ycnfIjnQlqqRRfR0C532spkp7eGyWA//w4t7oJuLZmqjj1hM6Iz81wq3Zu2oPa14zBkXmKY4jBa+WEf096GGvyIml/jMRr68Z3hSphUUCI03FWO7cCvDaDlhs19EmUVumEs4zg+PDQ0Zud5yrvan1xYN/3u1mrXZw60U84pgaweGoMSH6PdnmeqTyKUcUTzqbo0lS7l+Kxt6FoGmJqYiekQO1skVnCcLWH3JHFqX1MX4UGNSiIa0IGdXrEjE9aKVls55mUa7W5+HeY4CPTyeW5VbQIlFiCY5HdtTsmetISBqFrUjuYbRXOc8UsyisayvluWrVrghMlHnJijTeXOiB+3/d1MDIrGjrC2nvAnj0w51U0BVFN1BM9Lk6myvl1gh1Eu0WmKnQ79WR3UagCBT18uOdfhq5dfR3Ek57zWIm86UDUHzDzpAuBoHzcrprYg5G+3GaqMz8YpwpzfRrF0k2mehkNAA6fisiHBigIWqy6xdWO7Ad5l7QECkZGqqtXyY5Q5fkLC1xxuhtiawUiVdSYd+ls7uAeBQrDLBl62fpj1l/yFMwAkHS2YvhpW6/8wH8W+SQ9aSWy9AN4UiNRlVb45bqUSerpVk0WLAFCvI05KNVe+qAQT/E9LALrM6r0u5PDsfJxBhMQ==\n",
            "public_key_pem": "-----BEGIN PUBLIC KEY-----\nMIICIjANBgkqhkiG9w0BAQEFAAOCAg8AMIICCgKCAgEA4Iqxi0QSuP+acpvmFpcm\n0/QithMflPNjOMnJ3yI50JaqkUX0dAud9rKZKe3hslgP/8OLe6Cbi2Zqo49YTOiM\n/NcKt2btqD2teMwZF5imOIwWvlhH9Pehhr8iJpf4zEa+vGd4UqYVFAiNNxVju3Ar\nw2g5YbNfRJlFbphLOM4Pjw0NGbnecq72p9cWDf97tZq12cOtFPOKYGsHhqDEh+j3\nZ5nqk8ilHFE86m6NJUu5fisbehaBpiamInpEDtbJFZwnC1h9yRxal9TF+FBjUoiG\ntCBnV6xIxPWilZbOeZlGu1ufh3mOAj08nluVW0CJRYgmOR3bU7JnrSEgaha1I7mG\n0VznPFLMorGsr5blq1a4ITJR5yYo03lzogft/3dTAyKxo6wtp7wJ49MOdVNAVRTd\nQTPS5Opsr5dYIdRLtFpip0O/Vkd1GoAgU9fLjnX4auXX0dxJOe81iJvOlA1B8w86\nQLgaB83K6a2IORvtxmqjM/GKcKc30axdJNpnoZDQAOn4rIhwYoCFqsusXVjuwHeZ\ne0BApGRqqrV8mOUOX5CwtccbobYmsFIlXUmHfpbO7gHgUKwywZetn6Y9Zf8hTMAJ\nB0tmL4aVuv/MB/FvkkPWklsvQDeFIjUZVW+OW6lEnq6VZNFiwBQryNOSjVXvqgEE\n/xPSwC6zOq9LuTw7HycQYTECAwEAAQ==\n-----END PUBLIC KEY-----\n",
            "rsa_bits": 4096
          },
          "sensitive_attributes": [
            [
              {
                "type": "get_attr",
                "value": "private_key_pem"
              }
            ],
            [
              {
                "type": "get_attr",
                "value": "private_key_openssh"
              }
            ],
            [
              {
                "type": "get_attr",
                "value": "private_key_pem_pkcs8"
              }
            ]
          ]
        }
      ]
    }
  ],
  "check_results": null
}
